
Microsoft Visual Studio Solution File, Format Version 12.00
# Visual Studio Version 16
VisualStudioVersion = 16.0.31205.134
MinimumVisualStudioVersion = 10.0.40219.1
Project("{FAE04EC0-301F-11D3-BF4B-00C04F79EFBC}") = "UsingDoLoops", "UsingDoLoops\UsingDoLoops.csproj", "{32F102FB-A453-4EC6-A22E-05940C30AF9F}"
EndProject
Global
	GlobalSection(SolutionConfigurationPlatforms) = preSolution
		Debug|Any CPU = Debug|Any CPU
		Release|Any CPU = Release|Any CPU
	EndGlobalSection
	GlobalSection(ProjectConfigurationPlatforms) = postSolution
		{32F102FB-A453-4EC6-A22E-05940C30AF9F}.Debug|Any CPU.ActiveCfg = Debug|Any CPU
		{32F102FB-A453-4EC6-A22E-05940C30AF9F}.Debug|Any CPU.Build.0 = Debug|Any CPU
		{32F102FB-A453-4EC6-A22E-05940C30AF9F}.Release|Any CPU.ActiveCfg = Release|Any CPU
		{32F102FB-A453-4EC6-A22E-05940C30AF9F}.Release|Any CPU.Build.0 = Release|Any CPU
	EndGlobalSection
	GlobalSection(SolutionProperties) = preSolution
		HideSolutionNode = FALSE
	EndGlobalSection
	GlobalSection(ExtensibilityGlobals) = postSolution
		SolutionGuid = {6A734D9B-21F8-4B57-ABE5-A62DBA012B3A}
	EndGlobalSection
EndGlobal
