
Microsoft Visual Studio Solution File, Format Version 12.00
# Visual Studio Version 16
VisualStudioVersion = 16.0.31205.134
MinimumVisualStudioVersion = 10.0.40219.1
Project("{FAE04EC0-301F-11D3-BF4B-00C04F79EFBC}") = "ImplementingAnAnimalsCollection", "ImplementingAnAnimalsCollection\ImplementingAnAnimalsCollection.csproj", "{331B75D8-7A03-41C2-BA6B-85FA63DC6B3B}"
EndProject
Global
	GlobalSection(SolutionConfigurationPlatforms) = preSolution
		Debug|Any CPU = Debug|Any CPU
		Release|Any CPU = Release|Any CPU
	EndGlobalSection
	GlobalSection(ProjectConfigurationPlatforms) = postSolution
		{331B75D8-7A03-41C2-BA6B-85FA63DC6B3B}.Debug|Any CPU.ActiveCfg = Debug|Any CPU
		{331B75D8-7A03-41C2-BA6B-85FA63DC6B3B}.Debug|Any CPU.Build.0 = Debug|Any CPU
		{331B75D8-7A03-41C2-BA6B-85FA63DC6B3B}.Release|Any CPU.ActiveCfg = Release|Any CPU
		{331B75D8-7A03-41C2-BA6B-85FA63DC6B3B}.Release|Any CPU.Build.0 = Release|Any CPU
	EndGlobalSection
	GlobalSection(SolutionProperties) = preSolution
		HideSolutionNode = FALSE
	EndGlobalSection
	GlobalSection(ExtensibilityGlobals) = postSolution
		SolutionGuid = {F9AD761C-9C2D-4558-A03D-5CC9D4A55D5A}
	EndGlobalSection
EndGlobal
