
Microsoft Visual Studio Solution File, Format Version 12.00
# Visual Studio Version 16
VisualStudioVersion = 16.0.31205.134
MinimumVisualStudioVersion = 10.0.40219.1
Project("{FAE04EC0-301F-11D3-BF4B-00C04F79EFBC}") = "UsingBooleanOperators", "UsingBooleanOperators\UsingBooleanOperators.csproj", "{493D09B6-040C-45A4-8E8D-204D665FB407}"
EndProject
Global
	GlobalSection(SolutionConfigurationPlatforms) = preSolution
		Debug|Any CPU = Debug|Any CPU
		Release|Any CPU = Release|Any CPU
	EndGlobalSection
	GlobalSection(ProjectConfigurationPlatforms) = postSolution
		{493D09B6-040C-45A4-8E8D-204D665FB407}.Debug|Any CPU.ActiveCfg = Debug|Any CPU
		{493D09B6-040C-45A4-8E8D-204D665FB407}.Debug|Any CPU.Build.0 = Debug|Any CPU
		{493D09B6-040C-45A4-8E8D-204D665FB407}.Release|Any CPU.ActiveCfg = Release|Any CPU
		{493D09B6-040C-45A4-8E8D-204D665FB407}.Release|Any CPU.Build.0 = Release|Any CPU
	EndGlobalSection
	GlobalSection(SolutionProperties) = preSolution
		HideSolutionNode = FALSE
	EndGlobalSection
	GlobalSection(ExtensibilityGlobals) = postSolution
		SolutionGuid = {130570FC-BCF0-4447-BED3-DDA145036E53}
	EndGlobalSection
EndGlobal
