
Microsoft Visual Studio Solution File, Format Version 12.00
# Visual Studio Version 16
VisualStudioVersion = 16.0.31205.134
MinimumVisualStudioVersion = 10.0.40219.1
Project("{FAE04EC0-301F-11D3-BF4B-00C04F79EFBC}") = "ParticleColliderGUI", "ParticleColliderGUI\ParticleColliderGUI.csproj", "{88C60273-9446-448D-A9C8-38EDC5318CB9}"
EndProject
Project("{FAE04EC0-301F-11D3-BF4B-00C04F79EFBC}") = "ParticleClassLibrary", "..\ParticleClassLibrary\ClassLibrary1\ParticleClassLibrary.csproj", "{2C24D40C-C6D8-471B-B986-F0B8EEBAFFC2}"
EndProject
Global
	GlobalSection(SolutionConfigurationPlatforms) = preSolution
		Debug|Any CPU = Debug|Any CPU
		Release|Any CPU = Release|Any CPU
	EndGlobalSection
	GlobalSection(ProjectConfigurationPlatforms) = postSolution
		{88C60273-9446-448D-A9C8-38EDC5318CB9}.Debug|Any CPU.ActiveCfg = Debug|Any CPU
		{88C60273-9446-448D-A9C8-38EDC5318CB9}.Debug|Any CPU.Build.0 = Debug|Any CPU
		{88C60273-9446-448D-A9C8-38EDC5318CB9}.Release|Any CPU.ActiveCfg = Release|Any CPU
		{88C60273-9446-448D-A9C8-38EDC5318CB9}.Release|Any CPU.Build.0 = Release|Any CPU
		{2C24D40C-C6D8-471B-B986-F0B8EEBAFFC2}.Debug|Any CPU.ActiveCfg = Debug|Any CPU
		{2C24D40C-C6D8-471B-B986-F0B8EEBAFFC2}.Debug|Any CPU.Build.0 = Debug|Any CPU
		{2C24D40C-C6D8-471B-B986-F0B8EEBAFFC2}.Release|Any CPU.ActiveCfg = Release|Any CPU
		{2C24D40C-C6D8-471B-B986-F0B8EEBAFFC2}.Release|Any CPU.Build.0 = Release|Any CPU
	EndGlobalSection
	GlobalSection(SolutionProperties) = preSolution
		HideSolutionNode = FALSE
	EndGlobalSection
	GlobalSection(ExtensibilityGlobals) = postSolution
		SolutionGuid = {737F3C2E-5D41-4A76-A6CC-91186C5223D4}
	EndGlobalSection
EndGlobal
