
Microsoft Visual Studio Solution File, Format Version 12.00
# Visual Studio Version 16
VisualStudioVersion = 16.0.31410.357
MinimumVisualStudioVersion = 10.0.40219.1
Project("{FAE04EC0-301F-11D3-BF4B-00C04F79EFBC}") = "The Lottery", "The Lottery.csproj", "{8AFEE560-11D2-442A-AB61-3C887F51BFAD}"
EndProject
Global
	GlobalSection(SolutionConfigurationPlatforms) = preSolution
		Debug|Any CPU = Debug|Any CPU
		Release|Any CPU = Release|Any CPU
	EndGlobalSection
	GlobalSection(ProjectConfigurationPlatforms) = postSolution
		{8AFEE560-11D2-442A-AB61-3C887F51BFAD}.Debug|Any CPU.ActiveCfg = Debug|Any CPU
		{8AFEE560-11D2-442A-AB61-3C887F51BFAD}.Debug|Any CPU.Build.0 = Debug|Any CPU
		{8AFEE560-11D2-442A-AB61-3C887F51BFAD}.Release|Any CPU.ActiveCfg = Release|Any CPU
		{8AFEE560-11D2-442A-AB61-3C887F51BFAD}.Release|Any CPU.Build.0 = Release|Any CPU
	EndGlobalSection
	GlobalSection(SolutionProperties) = preSolution
		HideSolutionNode = FALSE
	EndGlobalSection
	GlobalSection(ExtensibilityGlobals) = postSolution
		SolutionGuid = {2E5C1A2C-EBDB-4949-86A7-586A759685AA}
	EndGlobalSection
EndGlobal
