
Microsoft Visual Studio Solution File, Format Version 12.00
# Visual Studio Version 16
VisualStudioVersion = 16.0.31424.327
MinimumVisualStudioVersion = 10.0.40219.1
Project("{FAE04EC0-301F-11D3-BF4B-00C04F79EFBC}") = "Rich Text Editor", "Rich Text Editor.csproj", "{F5B86C8D-F7D4-4AFE-B174-8F80AD9664A5}"
EndProject
Global
	GlobalSection(SolutionConfigurationPlatforms) = preSolution
		Debug|Any CPU = Debug|Any CPU
		Release|Any CPU = Release|Any CPU
	EndGlobalSection
	GlobalSection(ProjectConfigurationPlatforms) = postSolution
		{F5B86C8D-F7D4-4AFE-B174-8F80AD9664A5}.Debug|Any CPU.ActiveCfg = Debug|Any CPU
		{F5B86C8D-F7D4-4AFE-B174-8F80AD9664A5}.Debug|Any CPU.Build.0 = Debug|Any CPU
		{F5B86C8D-F7D4-4AFE-B174-8F80AD9664A5}.Release|Any CPU.ActiveCfg = Release|Any CPU
		{F5B86C8D-F7D4-4AFE-B174-8F80AD9664A5}.Release|Any CPU.Build.0 = Release|Any CPU
	EndGlobalSection
	GlobalSection(SolutionProperties) = preSolution
		HideSolutionNode = FALSE
	EndGlobalSection
	GlobalSection(ExtensibilityGlobals) = postSolution
		SolutionGuid = {FD0EF2EA-E14F-48D0-A872-ACE4FED71C46}
	EndGlobalSection
EndGlobal
