
Microsoft Visual Studio Solution File, Format Version 12.00
# Visual Studio Version 16
VisualStudioVersion = 16.0.31205.134
MinimumVisualStudioVersion = 10.0.40219.1
Project("{FAE04EC0-301F-11D3-BF4B-00C04F79EFBC}") = "ObjectsInAction", "ObjectsInAction\ObjectsInAction.csproj", "{30611013-43A4-4BCE-8001-B4DF4F34992E}"
EndProject
Global
	GlobalSection(SolutionConfigurationPlatforms) = preSolution
		Debug|Any CPU = Debug|Any CPU
		Release|Any CPU = Release|Any CPU
	EndGlobalSection
	GlobalSection(ProjectConfigurationPlatforms) = postSolution
		{30611013-43A4-4BCE-8001-B4DF4F34992E}.Debug|Any CPU.ActiveCfg = Debug|Any CPU
		{30611013-43A4-4BCE-8001-B4DF4F34992E}.Debug|Any CPU.Build.0 = Debug|Any CPU
		{30611013-43A4-4BCE-8001-B4DF4F34992E}.Release|Any CPU.ActiveCfg = Release|Any CPU
		{30611013-43A4-4BCE-8001-B4DF4F34992E}.Release|Any CPU.Build.0 = Release|Any CPU
	EndGlobalSection
	GlobalSection(SolutionProperties) = preSolution
		HideSolutionNode = FALSE
	EndGlobalSection
	GlobalSection(ExtensibilityGlobals) = postSolution
		SolutionGuid = {C260DAEB-29D7-4EBA-BCFA-B196BA1F2511}
	EndGlobalSection
EndGlobal
