
Microsoft Visual Studio Solution File, Format Version 12.00
# Visual Studio Version 16
VisualStudioVersion = 16.0.31205.134
MinimumVisualStudioVersion = 10.0.40219.1
Project("{FAE04EC0-301F-11D3-BF4B-00C04F79EFBC}") = "UsingAnonymousTypes", "UsingAnonymousTypes\UsingAnonymousTypes.csproj", "{FCF79DB8-CB65-400C-83BA-78CC9147A220}"
EndProject
Global
	GlobalSection(SolutionConfigurationPlatforms) = preSolution
		Debug|Any CPU = Debug|Any CPU
		Release|Any CPU = Release|Any CPU
	EndGlobalSection
	GlobalSection(ProjectConfigurationPlatforms) = postSolution
		{FCF79DB8-CB65-400C-83BA-78CC9147A220}.Debug|Any CPU.ActiveCfg = Debug|Any CPU
		{FCF79DB8-CB65-400C-83BA-78CC9147A220}.Debug|Any CPU.Build.0 = Debug|Any CPU
		{FCF79DB8-CB65-400C-83BA-78CC9147A220}.Release|Any CPU.ActiveCfg = Release|Any CPU
		{FCF79DB8-CB65-400C-83BA-78CC9147A220}.Release|Any CPU.Build.0 = Release|Any CPU
	EndGlobalSection
	GlobalSection(SolutionProperties) = preSolution
		HideSolutionNode = FALSE
	EndGlobalSection
	GlobalSection(ExtensibilityGlobals) = postSolution
		SolutionGuid = {56EEB5D6-62CD-4E22-9F78-D75BB72A4448}
	EndGlobalSection
EndGlobal
