
Microsoft Visual Studio Solution File, Format Version 12.00
# Visual Studio Version 16
VisualStudioVersion = 16.0.31205.134
MinimumVisualStudioVersion = 10.0.40219.1
Project("{FAE04EC0-301F-11D3-BF4B-00C04F79EFBC}") = "UsingTheIfStatement", "UsingTheIfStatement\UsingTheIfStatement.csproj", "{C3539E26-0A8E-4C68-8C13-6A08D9A2186D}"
EndProject
Global
	GlobalSection(SolutionConfigurationPlatforms) = preSolution
		Debug|Any CPU = Debug|Any CPU
		Release|Any CPU = Release|Any CPU
	EndGlobalSection
	GlobalSection(ProjectConfigurationPlatforms) = postSolution
		{C3539E26-0A8E-4C68-8C13-6A08D9A2186D}.Debug|Any CPU.ActiveCfg = Debug|Any CPU
		{C3539E26-0A8E-4C68-8C13-6A08D9A2186D}.Debug|Any CPU.Build.0 = Debug|Any CPU
		{C3539E26-0A8E-4C68-8C13-6A08D9A2186D}.Release|Any CPU.ActiveCfg = Release|Any CPU
		{C3539E26-0A8E-4C68-8C13-6A08D9A2186D}.Release|Any CPU.Build.0 = Release|Any CPU
	EndGlobalSection
	GlobalSection(SolutionProperties) = preSolution
		HideSolutionNode = FALSE
	EndGlobalSection
	GlobalSection(ExtensibilityGlobals) = postSolution
		SolutionGuid = {670FE318-88F4-41EF-B98D-F4B73FEC61E3}
	EndGlobalSection
EndGlobal
