
Microsoft Visual Studio Solution File, Format Version 12.00
# Visual Studio Version 16
VisualStudioVersion = 16.0.31205.134
MinimumVisualStudioVersion = 10.0.40219.1
Project("{E24C65DC-7377-472B-9ABA-BC803B73C61A}") = "Interactive CV", ".", "{129F9765-78BE-421E-9748-3A033CAFA4C9}"
	ProjectSection(WebsiteProperties) = preProject
		TargetFrameworkMoniker = ".NETFramework,Version%3Dv4.0"
		Debug.AspNetCompiler.VirtualPath = "/localhost_57010"
		Debug.AspNetCompiler.PhysicalPath = "..\Interactive CV\"
		Debug.AspNetCompiler.TargetPath = "PrecompiledWeb\localhost_57010\"
		Debug.AspNetCompiler.Updateable = "true"
		Debug.AspNetCompiler.ForceOverwrite = "true"
		Debug.AspNetCompiler.FixedNames = "false"
		Debug.AspNetCompiler.Debug = "True"
		Release.AspNetCompiler.VirtualPath = "/localhost_57010"
		Release.AspNetCompiler.PhysicalPath = "..\Interactive CV\"
		Release.AspNetCompiler.TargetPath = "PrecompiledWeb\localhost_57010\"
		Release.AspNetCompiler.Updateable = "true"
		Release.AspNetCompiler.ForceOverwrite = "true"
		Release.AspNetCompiler.FixedNames = "false"
		Release.AspNetCompiler.Debug = "False"
		VWDPort = "57010"
		SlnRelativePath = "..\Interactive CV\"
	EndProjectSection
EndProject
Global
	GlobalSection(SolutionConfigurationPlatforms) = preSolution
		Debug|Any CPU = Debug|Any CPU
	EndGlobalSection
	GlobalSection(ProjectConfigurationPlatforms) = postSolution
		{129F9765-78BE-421E-9748-3A033CAFA4C9}.Debug|Any CPU.ActiveCfg = Debug|Any CPU
		{129F9765-78BE-421E-9748-3A033CAFA4C9}.Debug|Any CPU.Build.0 = Debug|Any CPU
	EndGlobalSection
	GlobalSection(SolutionProperties) = preSolution
		HideSolutionNode = FALSE
	EndGlobalSection
	GlobalSection(ExtensibilityGlobals) = postSolution
		SolutionGuid = {A75C41C6-A320-47BB-A591-91874AADAFE5}
	EndGlobalSection
EndGlobal
